// !$*UTF8*$!
{
	archiveVersion = 1;
	classes = {
	};
	objectVersion = 60;
	objects = {

/* Begin PBXBuildFile section */
		BB8CE64C2C4DB3D50029AE8B /* Launch Screen.storyboard in Resources */ = {isa = PBXBuildFile; fileRef = BB8CE6442C4DB3D50029AE8B /* Launch Screen.storyboard */; };
		BB8CE64D2C4DB3D50029AE8B /* Assets.xcassets in Resources */ = {isa = PBXBuildFile; fileRef = BB8CE6422C4DB3D50029AE8B /* Assets.xcassets */; };
		BB8CE64E2C4DB3D50029AE8B /* Preview Assets.xcassets in Resources */ = {isa = PBXBuildFile; fileRef = BB8CE63F2C4DB3D50029AE8B /* Preview Assets.xcassets */; };
		BB8CE64F2C4DB3D50029AE8B /* TextRendererDemoApp.swift in Sources */ = {isa = PBXBuildFile; fileRef = BB8CE6482C4DB3D50029AE8B /* TextRendererDemoApp.swift */; };
		BB8CE6502C4DB3D50029AE8B /* TheBasicsView.swift in Sources */ = {isa = PBXBuildFile; fileRef = BB8CE64A2C4DB3D50029AE8B /* TheBasicsView.swift */; };
		BB8CE6512C4DB3D50029AE8B /* GlyphRenderingView.swift in Sources */ = {isa = PBXBuildFile; fileRef = BB8CE6432C4DB3D50029AE8B /* GlyphRenderingView.swift */; };
		BB8CE6522C4DB3D50029AE8B /* LineRenderingExampleView.swift in Sources */ = {isa = PBXBuildFile; fileRef = BB8CE6452C4DB3D50029AE8B /* LineRenderingExampleView.swift */; };
		BB8CE6532C4DB3D50029AE8B /* TextAttributeExampleView.swift in Sources */ = {isa = PBXBuildFile; fileRef = BB8CE6472C4DB3D50029AE8B /* TextAttributeExampleView.swift */; };
		BB8CE6542C4DB3D50029AE8B /* AnimatedGlyphRenderingView.swift in Sources */ = {isa = PBXBuildFile; fileRef = BB8CE6412C4DB3D50029AE8B /* AnimatedGlyphRenderingView.swift */; };
		BB8CE6552C4DB3D50029AE8B /* StartTab.swift in Sources */ = {isa = PBXBuildFile; fileRef = BB8CE6462C4DB3D50029AE8B /* StartTab.swift */; };
		BB8CE6562C4DB3D50029AE8B /* TheBasics2View.swift in Sources */ = {isa = PBXBuildFile; fileRef = BB8CE6492C4DB3D50029AE8B /* TheBasics2View.swift */; };
		BBB8AECA2C4EB89500BEAD4C /* OutlineRenderer.swift in Sources */ = {isa = PBXBuildFile; fileRef = BBB8AEC92C4EB89500BEAD4C /* OutlineRenderer.swift */; };
		BBB8AECC2C4EBC8A00BEAD4C /* HighlightRenderer.swift in Sources */ = {isa = PBXBuildFile; fileRef = BBB8AECB2C4EBC8A00BEAD4C /* HighlightRenderer.swift */; };
		BBB8AECE2C4EE2C200BEAD4C /* AlternateLineRenderer.swift in Sources */ = {isa = PBXBuildFile; fileRef = BBB8AECD2C4EE2C200BEAD4C /* AlternateLineRenderer.swift */; };
		BBB8AED02C4EE38800BEAD4C /* AngledLineRenderer.swift in Sources */ = {isa = PBXBuildFile; fileRef = BBB8AECF2C4EE38800BEAD4C /* AngledLineRenderer.swift */; };
		BBB8AED22C4EE45600BEAD4C /* Text.Layout+Extension.swift in Sources */ = {isa = PBXBuildFile; fileRef = BBB8AED12C4EE44900BEAD4C /* Text.Layout+Extension.swift */; };
		BBB8AED42C4EE5DA00BEAD4C /* UpDownRenderer.swift in Sources */ = {isa = PBXBuildFile; fileRef = BBB8AED32C4EE5DA00BEAD4C /* UpDownRenderer.swift */; };
		BBB8AED62C4EE79B00BEAD4C /* AnimatableUpDownRenderer.swift in Sources */ = {isa = PBXBuildFile; fileRef = BBB8AED52C4EE79B00BEAD4C /* AnimatableUpDownRenderer.swift */; };
/* End PBXBuildFile section */

/* Begin PBXFileReference section */
		BB7DA5A72C4C388800360E54 /* TextRendererDemo.app */ = {isa = PBXFileReference; explicitFileType = wrapper.application; includeInIndex = 0; path = TextRendererDemo.app; sourceTree = BUILT_PRODUCTS_DIR; };
		BB8CE63F2C4DB3D50029AE8B /* Preview Assets.xcassets */ = {isa = PBXFileReference; lastKnownFileType = folder.assetcatalog; path = "Preview Assets.xcassets"; sourceTree = "<group>"; };
		BB8CE6412C4DB3D50029AE8B /* AnimatedGlyphRenderingView.swift */ = {isa = PBXFileReference; lastKnownFileType = sourcecode.swift; path = AnimatedGlyphRenderingView.swift; sourceTree = "<group>"; };
		BB8CE6422C4DB3D50029AE8B /* Assets.xcassets */ = {isa = PBXFileReference; lastKnownFileType = folder.assetcatalog; path = Assets.xcassets; sourceTree = "<group>"; };
		BB8CE6432C4DB3D50029AE8B /* GlyphRenderingView.swift */ = {isa = PBXFileReference; lastKnownFileType = sourcecode.swift; path = GlyphRenderingView.swift; sourceTree = "<group>"; };
		BB8CE6442C4DB3D50029AE8B /* Launch Screen.storyboard */ = {isa = PBXFileReference; lastKnownFileType = file.storyboard; path = "Launch Screen.storyboard"; sourceTree = "<group>"; };
		BB8CE6452C4DB3D50029AE8B /* LineRenderingExampleView.swift */ = {isa = PBXFileReference; lastKnownFileType = sourcecode.swift; path = LineRenderingExampleView.swift; sourceTree = "<group>"; };
		BB8CE6462C4DB3D50029AE8B /* StartTab.swift */ = {isa = PBXFileReference; lastKnownFileType = sourcecode.swift; path = StartTab.swift; sourceTree = "<group>"; };
		BB8CE6472C4DB3D50029AE8B /* TextAttributeExampleView.swift */ = {isa = PBXFileReference; lastKnownFileType = sourcecode.swift; path = TextAttributeExampleView.swift; sourceTree = "<group>"; };
		BB8CE6482C4DB3D50029AE8B /* TextRendererDemoApp.swift */ = {isa = PBXFileReference; lastKnownFileType = sourcecode.swift; path = TextRendererDemoApp.swift; sourceTree = "<group>"; };
		BB8CE6492C4DB3D50029AE8B /* TheBasics2View.swift */ = {isa = PBXFileReference; lastKnownFileType = sourcecode.swift; path = TheBasics2View.swift; sourceTree = "<group>"; };
		BB8CE64A2C4DB3D50029AE8B /* TheBasicsView.swift */ = {isa = PBXFileReference; lastKnownFileType = sourcecode.swift; path = TheBasicsView.swift; sourceTree = "<group>"; };
		BBB8AEC92C4EB89500BEAD4C /* OutlineRenderer.swift */ = {isa = PBXFileReference; lastKnownFileType = sourcecode.swift; path = OutlineRenderer.swift; sourceTree = "<group>"; };
		BBB8AECB2C4EBC8A00BEAD4C /* HighlightRenderer.swift */ = {isa = PBXFileReference; lastKnownFileType = sourcecode.swift; path = HighlightRenderer.swift; sourceTree = "<group>"; };
		BBB8AECD2C4EE2C200BEAD4C /* AlternateLineRenderer.swift */ = {isa = PBXFileReference; lastKnownFileType = sourcecode.swift; path = AlternateLineRenderer.swift; sourceTree = "<group>"; };
		BBB8AECF2C4EE38800BEAD4C /* AngledLineRenderer.swift */ = {isa = PBXFileReference; lastKnownFileType = sourcecode.swift; path = AngledLineRenderer.swift; sourceTree = "<group>"; };
		BBB8AED12C4EE44900BEAD4C /* Text.Layout+Extension.swift */ = {isa = PBXFileReference; lastKnownFileType = sourcecode.swift; path = "Text.Layout+Extension.swift"; sourceTree = "<group>"; };
		BBB8AED32C4EE5DA00BEAD4C /* UpDownRenderer.swift */ = {isa = PBXFileReference; lastKnownFileType = sourcecode.swift; path = UpDownRenderer.swift; sourceTree = "<group>"; };
		BBB8AED52C4EE79B00BEAD4C /* AnimatableUpDownRenderer.swift */ = {isa = PBXFileReference; lastKnownFileType = sourcecode.swift; path = AnimatableUpDownRenderer.swift; sourceTree = "<group>"; };
/* End PBXFileReference section */

/* Begin PBXFrameworksBuildPhase section */
		BB7DA5A42C4C388800360E54 /* Frameworks */ = {
			isa = PBXFrameworksBuildPhase;
			buildActionMask = 2147483647;
			files = (
			);
			runOnlyForDeploymentPostprocessing = 0;
		};
/* End PBXFrameworksBuildPhase section */

/* Begin PBXGroup section */
		BB7DA59E2C4C388800360E54 = {
			isa = PBXGroup;
			children = (
				BB8CE64B2C4DB3D50029AE8B /* TextRendererDemo */,
				BB7DA5A82C4C388800360E54 /* Products */,
			);
			sourceTree = "<group>";
		};
		BB7DA5A82C4C388800360E54 /* Products */ = {
			isa = PBXGroup;
			children = (
				BB7DA5A72C4C388800360E54 /* TextRendererDemo.app */,
			);
			name = Products;
			sourceTree = "<group>";
		};
		BB8CE6402C4DB3D50029AE8B /* Preview Content */ = {
			isa = PBXGroup;
			children = (
				BB8CE63F2C4DB3D50029AE8B /* Preview Assets.xcassets */,
			);
			path = "Preview Content";
			sourceTree = "<group>";
		};
		BB8CE64B2C4DB3D50029AE8B /* TextRendererDemo */ = {
			isa = PBXGroup;
			children = (
				BB8CE6482C4DB3D50029AE8B /* TextRendererDemoApp.swift */,
				BB8CE6462C4DB3D50029AE8B /* StartTab.swift */,
				BB8CE64A2C4DB3D50029AE8B /* TheBasicsView.swift */,
				BB8CE6492C4DB3D50029AE8B /* TheBasics2View.swift */,
				BB8CE6472C4DB3D50029AE8B /* TextAttributeExampleView.swift */,
				BB8CE6452C4DB3D50029AE8B /* LineRenderingExampleView.swift */,
				BB8CE6432C4DB3D50029AE8B /* GlyphRenderingView.swift */,
				BB8CE6412C4DB3D50029AE8B /* AnimatedGlyphRenderingView.swift */,
				BBB8AEC82C4EB87B00BEAD4C /* TextRenderers */,
				BB8CE6422C4DB3D50029AE8B /* Assets.xcassets */,
				BB8CE6442C4DB3D50029AE8B /* Launch Screen.storyboard */,
				BB8CE6402C4DB3D50029AE8B /* Preview Content */,
			);
			path = TextRendererDemo;
			sourceTree = "<group>";
		};
		BBB8AEC82C4EB87B00BEAD4C /* TextRenderers */ = {
			isa = PBXGroup;
			children = (
				BBB8AED52C4EE79B00BEAD4C /* AnimatableUpDownRenderer.swift */,
				BBB8AED32C4EE5DA00BEAD4C /* UpDownRenderer.swift */,
				BBB8AECF2C4EE38800BEAD4C /* AngledLineRenderer.swift */,
				BBB8AED12C4EE44900BEAD4C /* Text.Layout+Extension.swift */,
				BBB8AECD2C4EE2C200BEAD4C /* AlternateLineRenderer.swift */,
				BBB8AECB2C4EBC8A00BEAD4C /* HighlightRenderer.swift */,
				BBB8AEC92C4EB89500BEAD4C /* OutlineRenderer.swift */,
			);
			path = TextRenderers;
			sourceTree = "<group>";
		};
/* End PBXGroup section */

/* Begin PBXNativeTarget section */
		BB7DA5A62C4C388800360E54 /* TextRendererDemo */ = {
			isa = PBXNativeTarget;
			buildConfigurationList = BB7DA5B52C4C388900360E54 /* Build configuration list for PBXNativeTarget "TextRendererDemo" */;
			buildPhases = (
				BB7DA5A32C4C388800360E54 /* Sources */,
				BB7DA5A42C4C388800360E54 /* Frameworks */,
				BB7DA5A52C4C388800360E54 /* Resources */,
			);
			buildRules = (
			);
			dependencies = (
			);
			name = TextRendererDemo;
			packageProductDependencies = (
			);
			productName = TextRendererDemo;
			productReference = BB7DA5A72C4C388800360E54 /* TextRendererDemo.app */;
			productType = "com.apple.product-type.application";
		};
/* End PBXNativeTarget section */

/* Begin PBXProject section */
		BB7DA59F2C4C388800360E54 /* Project object */ = {
			isa = PBXProject;
			attributes = {
				BuildIndependentTargetsInParallel = 1;
				LastSwiftUpdateCheck = 1600;
				LastUpgradeCheck = 1600;
				TargetAttributes = {
					BB7DA5A62C4C388800360E54 = {
						CreatedOnToolsVersion = 16.0;
					};
				};
			};
			buildConfigurationList = BB7DA5A22C4C388800360E54 /* Build configuration list for PBXProject "TextRendererDemo" */;
			compatibilityVersion = "Xcode 15.0";
			developmentRegion = en;
			hasScannedForEncodings = 0;
			knownRegions = (
				en,
				Base,
			);
			mainGroup = BB7DA59E2C4C388800360E54;
			productRefGroup = BB7DA5A82C4C388800360E54 /* Products */;
			projectDirPath = "";
			projectRoot = "";
			targets = (
				BB7DA5A62C4C388800360E54 /* TextRendererDemo */,
			);
		};
/* End PBXProject section */

/* Begin PBXResourcesBuildPhase section */
		BB7DA5A52C4C388800360E54 /* Resources */ = {
			isa = PBXResourcesBuildPhase;
			buildActionMask = 2147483647;
			files = (
				BB8CE64C2C4DB3D50029AE8B /* Launch Screen.storyboard in Resources */,
				BB8CE64D2C4DB3D50029AE8B /* Assets.xcassets in Resources */,
				BB8CE64E2C4DB3D50029AE8B /* Preview Assets.xcassets in Resources */,
			);
			runOnlyForDeploymentPostprocessing = 0;
		};
/* End PBXResourcesBuildPhase section */

/* Begin PBXSourcesBuildPhase section */
		BB7DA5A32C4C388800360E54 /* Sources */ = {
			isa = PBXSourcesBuildPhase;
			buildActionMask = 2147483647;
			files = (
				BB8CE64F2C4DB3D50029AE8B /* TextRendererDemoApp.swift in Sources */,
				BBB8AED42C4EE5DA00BEAD4C /* UpDownRenderer.swift in Sources */,
				BBB8AECC2C4EBC8A00BEAD4C /* HighlightRenderer.swift in Sources */,
				BBB8AECE2C4EE2C200BEAD4C /* AlternateLineRenderer.swift in Sources */,
				BB8CE6502C4DB3D50029AE8B /* TheBasicsView.swift in Sources */,
				BB8CE6512C4DB3D50029AE8B /* GlyphRenderingView.swift in Sources */,
				BBB8AED02C4EE38800BEAD4C /* AngledLineRenderer.swift in Sources */,
				BBB8AED62C4EE79B00BEAD4C /* AnimatableUpDownRenderer.swift in Sources */,
				BBB8AECA2C4EB89500BEAD4C /* OutlineRenderer.swift in Sources */,
				BB8CE6522C4DB3D50029AE8B /* LineRenderingExampleView.swift in Sources */,
				BBB8AED22C4EE45600BEAD4C /* Text.Layout+Extension.swift in Sources */,
				BB8CE6532C4DB3D50029AE8B /* TextAttributeExampleView.swift in Sources */,
				BB8CE6542C4DB3D50029AE8B /* AnimatedGlyphRenderingView.swift in Sources */,
				BB8CE6552C4DB3D50029AE8B /* StartTab.swift in Sources */,
				BB8CE6562C4DB3D50029AE8B /* TheBasics2View.swift in Sources */,
			);
			runOnlyForDeploymentPostprocessing = 0;
		};
/* End PBXSourcesBuildPhase section */

/* Begin XCBuildConfiguration section */
		BB7DA5B32C4C388900360E54 /* Debug */ = {
			isa = XCBuildConfiguration;
			buildSettings = {
				ALWAYS_SEARCH_USER_PATHS = NO;
				ASSETCATALOG_COMPILER_GENERATE_SWIFT_ASSET_SYMBOL_EXTENSIONS = YES;
				CLANG_ANALYZER_NONNULL = YES;
				CLANG_ANALYZER_NUMBER_OBJECT_CONVERSION = YES_AGGRESSIVE;
				CLANG_CXX_LANGUAGE_STANDARD = "gnu++20";
				CLANG_ENABLE_MODULES = YES;
				CLANG_ENABLE_OBJC_ARC = YES;
				CLANG_ENABLE_OBJC_WEAK = YES;
				CLANG_WARN_BLOCK_CAPTURE_AUTORELEASING = YES;
				CLANG_WARN_BOOL_CONVERSION = YES;
				CLANG_WARN_COMMA = YES;
				CLANG_WARN_CONSTANT_CONVERSION = YES;
				CLANG_WARN_DEPRECATED_OBJC_IMPLEMENTATIONS = YES;
				CLANG_WARN_DIRECT_OBJC_ISA_USAGE = YES_ERROR;
				CLANG_WARN_DOCUMENTATION_COMMENTS = YES;
				CLANG_WARN_EMPTY_BODY = YES;
				CLANG_WARN_ENUM_CONVERSION = YES;
				CLANG_WARN_INFINITE_RECURSION = YES;
				CLANG_WARN_INT_CONVERSION = YES;
				CLANG_WARN_NON_LITERAL_NULL_CONVERSION = YES;
				CLANG_WARN_OBJC_IMPLICIT_RETAIN_SELF = YES;
				CLANG_WARN_OBJC_LITERAL_CONVERSION = YES;
				CLANG_WARN_OBJC_ROOT_CLASS = YES_ERROR;
				CLANG_WARN_QUOTED_INCLUDE_IN_FRAMEWORK_HEADER = YES;
				CLANG_WARN_RANGE_LOOP_ANALYSIS = YES;
				CLANG_WARN_STRICT_PROTOTYPES = YES;
				CLANG_WARN_SUSPICIOUS_MOVE = YES;
				CLANG_WARN_UNGUARDED_AVAILABILITY = YES_AGGRESSIVE;
				CLANG_WARN_UNREACHABLE_CODE = YES;
				CLANG_WARN__DUPLICATE_METHOD_MATCH = YES;
				COPY_PHASE_STRIP = NO;
				DEBUG_INFORMATION_FORMAT = dwarf;
				ENABLE_STRICT_OBJC_MSGSEND = YES;
				ENABLE_TESTABILITY = YES;
				ENABLE_USER_SCRIPT_SANDBOXING = YES;
				GCC_C_LANGUAGE_STANDARD = gnu17;
				GCC_DYNAMIC_NO_PIC = NO;
				GCC_NO_COMMON_BLOCKS = YES;
				GCC_OPTIMIZATION_LEVEL = 0;
				GCC_PREPROCESSOR_DEFINITIONS = (
					"DEBUG=1",
					"$(inherited)",
				);
				GCC_WARN_64_TO_32_BIT_CONVERSION = YES;
				GCC_WARN_ABOUT_RETURN_TYPE = YES_ERROR;
				GCC_WARN_UNDECLARED_SELECTOR = YES;
				GCC_WARN_UNINITIALIZED_AUTOS = YES_AGGRESSIVE;
				GCC_WARN_UNUSED_FUNCTION = YES;
				GCC_WARN_UNUSED_VARIABLE = YES;
				IPHONEOS_DEPLOYMENT_TARGET = 18.0;
				LOCALIZATION_PREFERS_STRING_CATALOGS = YES;
				MTL_ENABLE_DEBUG_INFO = INCLUDE_SOURCE;
				MTL_FAST_MATH = YES;
				ONLY_ACTIVE_ARCH = YES;
				SDKROOT = iphoneos;
				SWIFT_ACTIVE_COMPILATION_CONDITIONS = "DEBUG $(inherited)";
				SWIFT_OPTIMIZATION_LEVEL = "-Onone";
			};
			name = Debug;
		};
		BB7DA5B42C4C388900360E54 /* Release */ = {
			isa = XCBuildConfiguration;
			buildSettings = {
				ALWAYS_SEARCH_USER_PATHS = NO;
				ASSETCATALOG_COMPILER_GENERATE_SWIFT_ASSET_SYMBOL_EXTENSIONS = YES;
				CLANG_ANALYZER_NONNULL = YES;
				CLANG_ANALYZER_NUMBER_OBJECT_CONVERSION = YES_AGGRESSIVE;
				CLANG_CXX_LANGUAGE_STANDARD = "gnu++20";
				CLANG_ENABLE_MODULES = YES;
				CLANG_ENABLE_OBJC_ARC = YES;
				CLANG_ENABLE_OBJC_WEAK = YES;
				CLANG_WARN_BLOCK_CAPTURE_AUTORELEASING = YES;
				CLANG_WARN_BOOL_CONVERSION = YES;
				CLANG_WARN_COMMA = YES;
				CLANG_WARN_CONSTANT_CONVERSION = YES;
				CLANG_WARN_DEPRECATED_OBJC_IMPLEMENTATIONS = YES;
				CLANG_WARN_DIRECT_OBJC_ISA_USAGE = YES_ERROR;
				CLANG_WARN_DOCUMENTATION_COMMENTS = YES;
				CLANG_WARN_EMPTY_BODY = YES;
				CLANG_WARN_ENUM_CONVERSION = YES;
				CLANG_WARN_INFINITE_RECURSION = YES;
				CLANG_WARN_INT_CONVERSION = YES;
				CLANG_WARN_NON_LITERAL_NULL_CONVERSION = YES;
				CLANG_WARN_OBJC_IMPLICIT_RETAIN_SELF = YES;
				CLANG_WARN_OBJC_LITERAL_CONVERSION = YES;
				CLANG_WARN_OBJC_ROOT_CLASS = YES_ERROR;
				CLANG_WARN_QUOTED_INCLUDE_IN_FRAMEWORK_HEADER = YES;
				CLANG_WARN_RANGE_LOOP_ANALYSIS = YES;
				CLANG_WARN_STRICT_PROTOTYPES = YES;
				CLANG_WARN_SUSPICIOUS_MOVE = YES;
				CLANG_WARN_UNGUARDED_AVAILABILITY = YES_AGGRESSIVE;
				CLANG_WARN_UNREACHABLE_CODE = YES;
				CLANG_WARN__DUPLICATE_METHOD_MATCH = YES;
				COPY_PHASE_STRIP = NO;
				DEBUG_INFORMATION_FORMAT = "dwarf-with-dsym";
				ENABLE_NS_ASSERTIONS = NO;
				ENABLE_STRICT_OBJC_MSGSEND = YES;
				ENABLE_USER_SCRIPT_SANDBOXING = YES;
				GCC_C_LANGUAGE_STANDARD = gnu17;
				GCC_NO_COMMON_BLOCKS = YES;
				GCC_WARN_64_TO_32_BIT_CONVERSION = YES;
				GCC_WARN_ABOUT_RETURN_TYPE = YES_ERROR;
				GCC_WARN_UNDECLARED_SELECTOR = YES;
				GCC_WARN_UNINITIALIZED_AUTOS = YES_AGGRESSIVE;
				GCC_WARN_UNUSED_FUNCTION = YES;
				GCC_WARN_UNUSED_VARIABLE = YES;
				IPHONEOS_DEPLOYMENT_TARGET = 18.0;
				LOCALIZATION_PREFERS_STRING_CATALOGS = YES;
				MTL_ENABLE_DEBUG_INFO = NO;
				MTL_FAST_MATH = YES;
				SDKROOT = iphoneos;
				SWIFT_COMPILATION_MODE = wholemodule;
				VALIDATE_PRODUCT = YES;
			};
			name = Release;
		};
		BB7DA5B62C4C388900360E54 /* Debug */ = {
			isa = XCBuildConfiguration;
			buildSettings = {
				ASSETCATALOG_COMPILER_APPICON_NAME = AppIcon;
				ASSETCATALOG_COMPILER_GLOBAL_ACCENT_COLOR_NAME = AccentColor;
				CODE_SIGN_STYLE = Automatic;
				CURRENT_PROJECT_VERSION = 1;
				DEVELOPMENT_ASSET_PATHS = "\"TextRendererDemo/Preview Content\"";
				DEVELOPMENT_TEAM = RKV4UP49S6;
				ENABLE_PREVIEWS = YES;
				GENERATE_INFOPLIST_FILE = YES;
				INFOPLIST_KEY_UIApplicationSceneManifest_Generation = YES;
				INFOPLIST_KEY_UIApplicationSupportsIndirectInputEvents = YES;
				INFOPLIST_KEY_UILaunchScreen_Generation = YES;
				INFOPLIST_KEY_UILaunchStoryboardName = "Launch Screen.storyboard";
				INFOPLIST_KEY_UISupportedInterfaceOrientations_iPad = "UIInterfaceOrientationPortrait UIInterfaceOrientationPortraitUpsideDown UIInterfaceOrientationLandscapeLeft UIInterfaceOrientationLandscapeRight";
				INFOPLIST_KEY_UISupportedInterfaceOrientations_iPhone = "UIInterfaceOrientationPortrait UIInterfaceOrientationLandscapeLeft UIInterfaceOrientationLandscapeRight";
				LD_RUNPATH_SEARCH_PATHS = (
					"$(inherited)",
					"@executable_path/Frameworks",
				);
				MARKETING_VERSION = 1.0;
				PRODUCT_BUNDLE_IDENTIFIER = com.createchsol.TextRendererDemo;
				PRODUCT_NAME = "$(TARGET_NAME)";
				SWIFT_EMIT_LOC_STRINGS = YES;
				SWIFT_VERSION = 5.0;
				TARGETED_DEVICE_FAMILY = "1,2";
			};
			name = Debug;
		};
		BB7DA5B72C4C388900360E54 /* Release */ = {
			isa = XCBuildConfiguration;
			buildSettings = {
				ASSETCATALOG_COMPILER_APPICON_NAME = AppIcon;
				ASSETCATALOG_COMPILER_GLOBAL_ACCENT_COLOR_NAME = AccentColor;
				CODE_SIGN_STYLE = Automatic;
				CURRENT_PROJECT_VERSION = 1;
				DEVELOPMENT_ASSET_PATHS = "\"TextRendererDemo/Preview Content\"";
				DEVELOPMENT_TEAM = RKV4UP49S6;
				ENABLE_PREVIEWS = YES;
				GENERATE_INFOPLIST_FILE = YES;
				INFOPLIST_KEY_UIApplicationSceneManifest_Generation = YES;
				INFOPLIST_KEY_UIApplicationSupportsIndirectInputEvents = YES;
				INFOPLIST_KEY_UILaunchScreen_Generation = YES;
				INFOPLIST_KEY_UILaunchStoryboardName = "Launch Screen.storyboard";
				INFOPLIST_KEY_UISupportedInterfaceOrientations_iPad = "UIInterfaceOrientationPortrait UIInterfaceOrientationPortraitUpsideDown UIInterfaceOrientationLandscapeLeft UIInterfaceOrientationLandscapeRight";
				INFOPLIST_KEY_UISupportedInterfaceOrientations_iPhone = "UIInterfaceOrientationPortrait UIInterfaceOrientationLandscapeLeft UIInterfaceOrientationLandscapeRight";
				LD_RUNPATH_SEARCH_PATHS = (
					"$(inherited)",
					"@executable_path/Frameworks",
				);
				MARKETING_VERSION = 1.0;
				PRODUCT_BUNDLE_IDENTIFIER = com.createchsol.TextRendererDemo;
				PRODUCT_NAME = "$(TARGET_NAME)";
				SWIFT_EMIT_LOC_STRINGS = YES;
				SWIFT_VERSION = 5.0;
				TARGETED_DEVICE_FAMILY = "1,2";
			};
			name = Release;
		};
/* End XCBuildConfiguration section */

/* Begin XCConfigurationList section */
		BB7DA5A22C4C388800360E54 /* Build configuration list for PBXProject "TextRendererDemo" */ = {
			isa = XCConfigurationList;
			buildConfigurations = (
				BB7DA5B32C4C388900360E54 /* Debug */,
				BB7DA5B42C4C388900360E54 /* Release */,
			);
			defaultConfigurationIsVisible = 0;
			defaultConfigurationName = Release;
		};
		BB7DA5B52C4C388900360E54 /* Build configuration list for PBXNativeTarget "TextRendererDemo" */ = {
			isa = XCConfigurationList;
			buildConfigurations = (
				BB7DA5B62C4C388900360E54 /* Debug */,
				BB7DA5B72C4C388900360E54 /* Release */,
			);
			defaultConfigurationIsVisible = 0;
			defaultConfigurationName = Release;
		};
/* End XCConfigurationList section */
	};
	rootObject = BB7DA59F2C4C388800360E54 /* Project object */;
}
